
Microsoft Visual Studio Solution File, Format Version 12.00
# Visual Studio Version 16
VisualStudioVersion = 16.0.30523.141
MinimumVisualStudioVersion = 10.0.40219.1
Project("{FAE04EC0-301F-11D3-BF4B-00C04F79EFBC}") = "satis_form", "satis_form.csproj", "{5497320D-3EF7-4DE5-A607-F6467E373665}"
EndProject
Global
	GlobalSection(SolutionConfigurationPlatforms) = preSolution
		Debug|Any CPU = Debug|Any CPU
		Release|Any CPU = Release|Any CPU
	EndGlobalSection
	GlobalSection(ProjectConfigurationPlatforms) = postSolution
		{5497320D-3EF7-4DE5-A607-F6467E373665}.Debug|Any CPU.ActiveCfg = Debug|Any CPU
		{5497320D-3EF7-4DE5-A607-F6467E373665}.Debug|Any CPU.Build.0 = Debug|Any CPU
		{5497320D-3EF7-4DE5-A607-F6467E373665}.Release|Any CPU.ActiveCfg = Release|Any CPU
		{5497320D-3EF7-4DE5-A607-F6467E373665}.Release|Any CPU.Build.0 = Release|Any CPU
	EndGlobalSection
	GlobalSection(SolutionProperties) = preSolution
		HideSolutionNode = FALSE
	EndGlobalSection
	GlobalSection(ExtensibilityGlobals) = postSolution
		SolutionGuid = {3721149E-B3CF-4FD3-892C-2D1C6CC719A1}
	EndGlobalSection
EndGlobal
